
Microsoft Visual Studio Solution File, Format Version 12.00
# Visual Studio 2012
Project("{FAE04EC0-301F-11D3-BF4B-00C04F79EFBC}") = "Calculator.WPFApp", "src\Calculator.WPFApp\Calculator.WPFApp.csproj", "{FD13DD2E-15D5-4D46-8ED9-E362E19E2FB2}"
EndProject
Project("{2150E333-8FDC-42A3-9474-1A3956D46DE8}") = "2-UI Business", "2-UI Business", "{8F78793A-CB1C-4ACF-915E-7524FBAFBB9E}"
EndProject
Project("{2150E333-8FDC-42A3-9474-1A3956D46DE8}") = "3-UI App", "3-UI App", "{BA58B1B9-B967-40CC-A1F2-351EBAB80318}"
EndProject
Project("{2150E333-8FDC-42A3-9474-1A3956D46DE8}") = "1-Tests", "1-Tests", "{20E20532-CFB6-4211-8A02-A77814A4E855}"
EndProject
Project("{2150E333-8FDC-42A3-9474-1A3956D46DE8}") = "WPF", "WPF", "{C5295B5C-F349-45DB-B936-A2AD78D50AAB}"
EndProject
Project("{2150E333-8FDC-42A3-9474-1A3956D46DE8}") = "Web", "Web", "{75AC48F1-A9DF-4A06-AA47-C618DA475AD5}"
EndProject
Project("{FAE04EC0-301F-11D3-BF4B-00C04F79EFBC}") = "Calculator.WebApp", "src\Calculator.WebApp\Calculator.WebApp.csproj", "{2708F14C-1416-4D12-A16F-58509370FBEE}"
EndProject
Project("{FAE04EC0-301F-11D3-BF4B-00C04F79EFBC}") = "Calculator.BDDTests", "test\Calculator.BDDTests\Calculator.BDDTests.csproj", "{249D0391-FF52-4E82-9303-185F89098333}"
EndProject
Project("{FAE04EC0-301F-11D3-BF4B-00C04F79EFBC}") = "Calculator.UIBusiness", "src\Calculator.UIBusiness\Calculator.UIBusiness.csproj", "{FE75FC9B-43BD-4798-9AC8-367B1E0A1B65}"
EndProject
Global
	GlobalSection(SolutionConfigurationPlatforms) = preSolution
		Debug|Any CPU = Debug|Any CPU
		Release|Any CPU = Release|Any CPU
	EndGlobalSection
	GlobalSection(ProjectConfigurationPlatforms) = postSolution
		{FD13DD2E-15D5-4D46-8ED9-E362E19E2FB2}.Debug|Any CPU.ActiveCfg = Debug|Any CPU
		{FD13DD2E-15D5-4D46-8ED9-E362E19E2FB2}.Debug|Any CPU.Build.0 = Debug|Any CPU
		{FD13DD2E-15D5-4D46-8ED9-E362E19E2FB2}.Release|Any CPU.ActiveCfg = Release|Any CPU
		{FD13DD2E-15D5-4D46-8ED9-E362E19E2FB2}.Release|Any CPU.Build.0 = Release|Any CPU
		{2708F14C-1416-4D12-A16F-58509370FBEE}.Debug|Any CPU.ActiveCfg = Debug|Any CPU
		{2708F14C-1416-4D12-A16F-58509370FBEE}.Debug|Any CPU.Build.0 = Debug|Any CPU
		{2708F14C-1416-4D12-A16F-58509370FBEE}.Release|Any CPU.ActiveCfg = Release|Any CPU
		{2708F14C-1416-4D12-A16F-58509370FBEE}.Release|Any CPU.Build.0 = Release|Any CPU
		{249D0391-FF52-4E82-9303-185F89098333}.Debug|Any CPU.ActiveCfg = Debug|Any CPU
		{249D0391-FF52-4E82-9303-185F89098333}.Debug|Any CPU.Build.0 = Debug|Any CPU
		{249D0391-FF52-4E82-9303-185F89098333}.Release|Any CPU.ActiveCfg = Release|Any CPU
		{249D0391-FF52-4E82-9303-185F89098333}.Release|Any CPU.Build.0 = Release|Any CPU
		{FE75FC9B-43BD-4798-9AC8-367B1E0A1B65}.Debug|Any CPU.ActiveCfg = Debug|Any CPU
		{FE75FC9B-43BD-4798-9AC8-367B1E0A1B65}.Debug|Any CPU.Build.0 = Debug|Any CPU
		{FE75FC9B-43BD-4798-9AC8-367B1E0A1B65}.Release|Any CPU.ActiveCfg = Release|Any CPU
		{FE75FC9B-43BD-4798-9AC8-367B1E0A1B65}.Release|Any CPU.Build.0 = Release|Any CPU
	EndGlobalSection
	GlobalSection(SolutionProperties) = preSolution
		HideSolutionNode = FALSE
	EndGlobalSection
	GlobalSection(NestedProjects) = preSolution
		{FE75FC9B-43BD-4798-9AC8-367B1E0A1B65} = {8F78793A-CB1C-4ACF-915E-7524FBAFBB9E}
		{C5295B5C-F349-45DB-B936-A2AD78D50AAB} = {BA58B1B9-B967-40CC-A1F2-351EBAB80318}
		{75AC48F1-A9DF-4A06-AA47-C618DA475AD5} = {BA58B1B9-B967-40CC-A1F2-351EBAB80318}
		{249D0391-FF52-4E82-9303-185F89098333} = {20E20532-CFB6-4211-8A02-A77814A4E855}
		{FD13DD2E-15D5-4D46-8ED9-E362E19E2FB2} = {C5295B5C-F349-45DB-B936-A2AD78D50AAB}
		{2708F14C-1416-4D12-A16F-58509370FBEE} = {75AC48F1-A9DF-4A06-AA47-C618DA475AD5}
	EndGlobalSection
EndGlobal
